
Microsoft Visual Studio Solution File, Format Version 12.00
# Visual Studio Version 16
VisualStudioVersion = 16.0.30104.148
MinimumVisualStudioVersion = 10.0.40219.1
Project("{FAE04EC0-301F-11D3-BF4B-00C04F79EFBC}") = "test", "test\test.csproj", "{57280BEB-CFE3-4D3D-A5F4-5E4FAF3C2F8B}"
EndProject
Global
	GlobalSection(SolutionConfigurationPlatforms) = preSolution
		Debug|Any CPU = Debug|Any CPU
		Release|Any CPU = Release|Any CPU
	EndGlobalSection
	GlobalSection(ProjectConfigurationPlatforms) = postSolution
		{57280BEB-CFE3-4D3D-A5F4-5E4FAF3C2F8B}.Debug|Any CPU.ActiveCfg = Debug|Any CPU
		{57280BEB-CFE3-4D3D-A5F4-5E4FAF3C2F8B}.Debug|Any CPU.Build.0 = Debug|Any CPU
		{57280BEB-CFE3-4D3D-A5F4-5E4FAF3C2F8B}.Release|Any CPU.ActiveCfg = Release|Any CPU
		{57280BEB-CFE3-4D3D-A5F4-5E4FAF3C2F8B}.Release|Any CPU.Build.0 = Release|Any CPU
	EndGlobalSection
	GlobalSection(SolutionProperties) = preSolution
		HideSolutionNode = FALSE
	EndGlobalSection
	GlobalSection(ExtensibilityGlobals) = postSolution
		SolutionGuid = {32F8CF0B-63AC-4A93-AB83-1B0207606329}
	EndGlobalSection
EndGlobal
