
Microsoft Visual Studio Solution File, Format Version 12.00
# Visual Studio Version 16
VisualStudioVersion = 16.0.30104.148
MinimumVisualStudioVersion = 10.0.40219.1
Project("{FAE04EC0-301F-11D3-BF4B-00C04F79EFBC}") = "WebAppASP", "WebAppASP.csproj", "{DFCBC012-966E-4A66-BB42-494CCB3C9557}"
EndProject
Global
	GlobalSection(SolutionConfigurationPlatforms) = preSolution
		Debug|Any CPU = Debug|Any CPU
		Release|Any CPU = Release|Any CPU
	EndGlobalSection
	GlobalSection(ProjectConfigurationPlatforms) = postSolution
		{DFCBC012-966E-4A66-BB42-494CCB3C9557}.Debug|Any CPU.ActiveCfg = Debug|Any CPU
		{DFCBC012-966E-4A66-BB42-494CCB3C9557}.Debug|Any CPU.Build.0 = Debug|Any CPU
		{DFCBC012-966E-4A66-BB42-494CCB3C9557}.Release|Any CPU.ActiveCfg = Release|Any CPU
		{DFCBC012-966E-4A66-BB42-494CCB3C9557}.Release|Any CPU.Build.0 = Release|Any CPU
	EndGlobalSection
	GlobalSection(SolutionProperties) = preSolution
		HideSolutionNode = FALSE
	EndGlobalSection
	GlobalSection(ExtensibilityGlobals) = postSolution
		SolutionGuid = {5AF07BD9-9DE5-438A-B4C8-C5D63F07B0DB}
	EndGlobalSection
EndGlobal
