
Microsoft Visual Studio Solution File, Format Version 12.00
# Visual Studio Version 16
VisualStudioVersion = 16.0.30104.148
MinimumVisualStudioVersion = 10.0.40219.1
Project("{FAE04EC0-301F-11D3-BF4B-00C04F79EFBC}") = "To Do List", "To Do List.csproj", "{06DC7C2A-3146-4C94-8CE7-73A6ED3BFCC8}"
EndProject
Global
	GlobalSection(SolutionConfigurationPlatforms) = preSolution
		Debug|Any CPU = Debug|Any CPU
		Release|Any CPU = Release|Any CPU
	EndGlobalSection
	GlobalSection(ProjectConfigurationPlatforms) = postSolution
		{06DC7C2A-3146-4C94-8CE7-73A6ED3BFCC8}.Debug|Any CPU.ActiveCfg = Debug|Any CPU
		{06DC7C2A-3146-4C94-8CE7-73A6ED3BFCC8}.Debug|Any CPU.Build.0 = Debug|Any CPU
		{06DC7C2A-3146-4C94-8CE7-73A6ED3BFCC8}.Release|Any CPU.ActiveCfg = Release|Any CPU
		{06DC7C2A-3146-4C94-8CE7-73A6ED3BFCC8}.Release|Any CPU.Build.0 = Release|Any CPU
	EndGlobalSection
	GlobalSection(SolutionProperties) = preSolution
		HideSolutionNode = FALSE
	EndGlobalSection
	GlobalSection(ExtensibilityGlobals) = postSolution
		SolutionGuid = {B71C4B58-1CA5-436D-8F8C-10F6725341B0}
	EndGlobalSection
EndGlobal
